
Microsoft Visual Studio Solution File, Format Version 12.00
# Visual Studio Version 17
VisualStudioVersion = 17.1.32421.90
MinimumVisualStudioVersion = 10.0.40219.1
Project("{9A19103F-16F7-4668-BE54-9A1E7A4F7556}") = "API_NET", "API_NET\API_NET.csproj", "{9375E076-8E98-463A-B40A-654589296429}"
EndProject
Project("{FAE04EC0-301F-11D3-BF4B-00C04F79EFBC}") = "DB", "DB\DB.csproj", "{A3FA9037-7AA8-4A85-A2F7-74944FA8CBB0}"
EndProject
Global
	GlobalSection(SolutionConfigurationPlatforms) = preSolution
		Debug|Any CPU = Debug|Any CPU
		Release|Any CPU = Release|Any CPU
	EndGlobalSection
	GlobalSection(ProjectConfigurationPlatforms) = postSolution
		{9375E076-8E98-463A-B40A-654589296429}.Debug|Any CPU.ActiveCfg = Debug|Any CPU
		{9375E076-8E98-463A-B40A-654589296429}.Debug|Any CPU.Build.0 = Debug|Any CPU
		{9375E076-8E98-463A-B40A-654589296429}.Release|Any CPU.ActiveCfg = Release|Any CPU
		{9375E076-8E98-463A-B40A-654589296429}.Release|Any CPU.Build.0 = Release|Any CPU
		{A3FA9037-7AA8-4A85-A2F7-74944FA8CBB0}.Debug|Any CPU.ActiveCfg = Debug|Any CPU
		{A3FA9037-7AA8-4A85-A2F7-74944FA8CBB0}.Debug|Any CPU.Build.0 = Debug|Any CPU
		{A3FA9037-7AA8-4A85-A2F7-74944FA8CBB0}.Release|Any CPU.ActiveCfg = Release|Any CPU
		{A3FA9037-7AA8-4A85-A2F7-74944FA8CBB0}.Release|Any CPU.Build.0 = Release|Any CPU
	EndGlobalSection
	GlobalSection(SolutionProperties) = preSolution
		HideSolutionNode = FALSE
	EndGlobalSection
	GlobalSection(ExtensibilityGlobals) = postSolution
		SolutionGuid = {F0C44689-EA9F-4CF7-BB43-B5F6B62DFC79}
	EndGlobalSection
EndGlobal
